
Microsoft Visual Studio Solution File, Format Version 12.00
# Visual Studio 14
VisualStudioVersion = 14.0.24720.0
MinimumVisualStudioVersion = 10.0.40219.1
Project("{FAE04EC0-301F-11D3-BF4B-00C04F79EFBC}") = "ContratorBookingSystem", "ContratorBookingSystem\ContratorBookingSystem.csproj", "{313A2D4F-65A9-4FB1-9E11-5946328584A3}"
EndProject
Project("{FAE04EC0-301F-11D3-BF4B-00C04F79EFBC}") = "Common", "Common\Common.csproj", "{B845D642-DB1F-498E-8B54-5280CBC54B7C}"
EndProject
Project("{FAE04EC0-301F-11D3-BF4B-00C04F79EFBC}") = "DataLayer", "DataLayer\DataLayer.csproj", "{3B571806-6547-473D-A7F8-91F7AEA618B2}"
EndProject
Global
	GlobalSection(SolutionConfigurationPlatforms) = preSolution
		Debug|Any CPU = Debug|Any CPU
		Release|Any CPU = Release|Any CPU
	EndGlobalSection
	GlobalSection(ProjectConfigurationPlatforms) = postSolution
		{313A2D4F-65A9-4FB1-9E11-5946328584A3}.Debug|Any CPU.ActiveCfg = Debug|Any CPU
		{313A2D4F-65A9-4FB1-9E11-5946328584A3}.Debug|Any CPU.Build.0 = Debug|Any CPU
		{313A2D4F-65A9-4FB1-9E11-5946328584A3}.Release|Any CPU.ActiveCfg = Release|Any CPU
		{313A2D4F-65A9-4FB1-9E11-5946328584A3}.Release|Any CPU.Build.0 = Release|Any CPU
		{B845D642-DB1F-498E-8B54-5280CBC54B7C}.Debug|Any CPU.ActiveCfg = Debug|Any CPU
		{B845D642-DB1F-498E-8B54-5280CBC54B7C}.Debug|Any CPU.Build.0 = Debug|Any CPU
		{B845D642-DB1F-498E-8B54-5280CBC54B7C}.Release|Any CPU.ActiveCfg = Release|Any CPU
		{B845D642-DB1F-498E-8B54-5280CBC54B7C}.Release|Any CPU.Build.0 = Release|Any CPU
		{3B571806-6547-473D-A7F8-91F7AEA618B2}.Debug|Any CPU.ActiveCfg = Debug|Any CPU
		{3B571806-6547-473D-A7F8-91F7AEA618B2}.Debug|Any CPU.Build.0 = Debug|Any CPU
		{3B571806-6547-473D-A7F8-91F7AEA618B2}.Release|Any CPU.ActiveCfg = Release|Any CPU
		{3B571806-6547-473D-A7F8-91F7AEA618B2}.Release|Any CPU.Build.0 = Release|Any CPU
	EndGlobalSection
	GlobalSection(SolutionProperties) = preSolution
		HideSolutionNode = FALSE
	EndGlobalSection
EndGlobal
